
Microsoft Visual Studio Solution File, Format Version 10.00
# Visual Studio 2008
Project("{FAE04EC0-301F-11D3-BF4B-00C04F79EFBC}") = "Auto Test System", "Auto Test System\Auto Test System.csproj", "{81DC9AA2-1614-46B7-87F5-D743B479BD3B}"
EndProject
Global
	GlobalSection(SolutionConfigurationPlatforms) = preSolution
		Debug|Any CPU = Debug|Any CPU
		Release|Any CPU = Release|Any CPU
	EndGlobalSection
	GlobalSection(ProjectConfigurationPlatforms) = postSolution
		{81DC9AA2-1614-46B7-87F5-D743B479BD3B}.Debug|Any CPU.ActiveCfg = Debug|Any CPU
		{81DC9AA2-1614-46B7-87F5-D743B479BD3B}.Debug|Any CPU.Build.0 = Debug|Any CPU
		{81DC9AA2-1614-46B7-87F5-D743B479BD3B}.Release|Any CPU.ActiveCfg = Release|Any CPU
		{81DC9AA2-1614-46B7-87F5-D743B479BD3B}.Release|Any CPU.Build.0 = Release|Any CPU
	EndGlobalSection
	GlobalSection(SolutionProperties) = preSolution
		HideSolutionNode = FALSE
	EndGlobalSection
	GlobalSection(ExtensibilityGlobals) = postSolution
		VisualSVNWorkingCopyRoot = .
	EndGlobalSection
EndGlobal
