
Microsoft Visual Studio Solution File, Format Version 10.00
# Visual Studio 2008
Project("{8BC9CEB8-8B4A-11D0-8D11-00A0C91BC942}") = "PreProcessClassDll", "PreProcessClassDll\PreProcessClassDll.vcproj", "{445C97FD-7B32-4030-B04E-B1E5C54C2711}"
EndProject
Global
	GlobalSection(SolutionConfigurationPlatforms) = preSolution
		Debug|Win32 = Debug|Win32
		Release|Win32 = Release|Win32
	EndGlobalSection
	GlobalSection(ProjectConfigurationPlatforms) = postSolution
		{445C97FD-7B32-4030-B04E-B1E5C54C2711}.Debug|Win32.ActiveCfg = Debug|Win32
		{445C97FD-7B32-4030-B04E-B1E5C54C2711}.Debug|Win32.Build.0 = Debug|Win32
		{445C97FD-7B32-4030-B04E-B1E5C54C2711}.Release|Win32.ActiveCfg = Release|Win32
		{445C97FD-7B32-4030-B04E-B1E5C54C2711}.Release|Win32.Build.0 = Release|Win32
	EndGlobalSection
	GlobalSection(SolutionProperties) = preSolution
		HideSolutionNode = FALSE
	EndGlobalSection
	GlobalSection(ExtensibilityGlobals) = postSolution
		VisualSVNWorkingCopyRoot = .
	EndGlobalSection
EndGlobal
