
Microsoft Visual Studio Solution File, Format Version 10.00
# Visual Studio 2008
Project("{FAE04EC0-301F-11D3-BF4B-00C04F79EFBC}") = "RemoteImaging", "RemoteImaging\RemoteImaging.csproj", "{E0F855A2-D8FA-4D2F-9645-C6E8DE8AACD4}"
EndProject
Project("{FAE04EC0-301F-11D3-BF4B-00C04F79EFBC}") = "RemoteImaging.Test", "RemoteImaging.Test\RemoteImaging.Test.csproj", "{44E59227-3583-4C12-9AD3-AA3840FC90E1}"
EndProject
Project("{2150E333-8FDC-42A3-9474-1A3956D46DE8}") = "Solution Items", "Solution Items", "{0AD5B1FD-D3F1-45D6-B054-FD2ABA085E4F}"
	ProjectSection(SolutionItems) = preProject
		LocalTestRun.testrunconfig = LocalTestRun.testrunconfig
		RemoteImaging.vsmdi = RemoteImaging.vsmdi
	EndProjectSection
EndProject
Project("{FAE04EC0-301F-11D3-BF4B-00C04F79EFBC}") = "FTPUploadSimulator", "FTPUploadSimulator\FTPUploadSimulator.csproj", "{56CC7C1F-2C4A-49D1-A92B-8A66BDA8D934}"
EndProject
Global
	GlobalSection(TestCaseManagementSettings) = postSolution
		CategoryFile = RemoteImaging.vsmdi
	EndGlobalSection
	GlobalSection(SolutionConfigurationPlatforms) = preSolution
		Debug|Any CPU = Debug|Any CPU
		Release|Any CPU = Release|Any CPU
	EndGlobalSection
	GlobalSection(ProjectConfigurationPlatforms) = postSolution
		{E0F855A2-D8FA-4D2F-9645-C6E8DE8AACD4}.Debug|Any CPU.ActiveCfg = Debug|Any CPU
		{E0F855A2-D8FA-4D2F-9645-C6E8DE8AACD4}.Debug|Any CPU.Build.0 = Debug|Any CPU
		{E0F855A2-D8FA-4D2F-9645-C6E8DE8AACD4}.Release|Any CPU.ActiveCfg = Release|Any CPU
		{E0F855A2-D8FA-4D2F-9645-C6E8DE8AACD4}.Release|Any CPU.Build.0 = Release|Any CPU
		{44E59227-3583-4C12-9AD3-AA3840FC90E1}.Debug|Any CPU.ActiveCfg = Debug|Any CPU
		{44E59227-3583-4C12-9AD3-AA3840FC90E1}.Debug|Any CPU.Build.0 = Debug|Any CPU
		{44E59227-3583-4C12-9AD3-AA3840FC90E1}.Release|Any CPU.ActiveCfg = Release|Any CPU
		{44E59227-3583-4C12-9AD3-AA3840FC90E1}.Release|Any CPU.Build.0 = Release|Any CPU
		{56CC7C1F-2C4A-49D1-A92B-8A66BDA8D934}.Debug|Any CPU.ActiveCfg = Debug|Any CPU
		{56CC7C1F-2C4A-49D1-A92B-8A66BDA8D934}.Debug|Any CPU.Build.0 = Debug|Any CPU
		{56CC7C1F-2C4A-49D1-A92B-8A66BDA8D934}.Release|Any CPU.ActiveCfg = Release|Any CPU
		{56CC7C1F-2C4A-49D1-A92B-8A66BDA8D934}.Release|Any CPU.Build.0 = Release|Any CPU
	EndGlobalSection
	GlobalSection(SolutionProperties) = preSolution
		HideSolutionNode = FALSE
	EndGlobalSection
	GlobalSection(ExtensibilityGlobals) = postSolution
		VisualSVNWorkingCopyRoot = .
	EndGlobalSection
EndGlobal
